# This file is automatically @generated by Poetry and should not be changed by hand.

[[package]]
name = "certifi"
version = "2022.12.7"
description = "Python package for providing Mozilla's CA Bundle."
category = "main"
optional = false
python-versions = ">=3.6"
files = [
    {file = "certifi-2022.12.7-py3-none-any.whl", hash = "sha256:4ad3232f5e926d6718ec31cfc1fcadfde020920e278684144551c91769c7bc18"},
    {file = "certifi-2022.12.7.tar.gz", hash = "sha256:35824b4c3a97115964b408844d64aa14db1cc518f6562e8d7261699d1350a9e3"},
]

[[package]]
name = "charset-normalizer"
version = "2.1.1"
description = "The Real First Universal Charset Detector. Open, modern and actively maintained alternative to Chardet."
category = "main"
optional = false
python-versions = ">=3.6.0"
files = [
    {file = "charset-normalizer-2.1.1.tar.gz", hash = "sha256:5a3d016c7c547f69d6f81fb0db9449ce888b418b5b9952cc5e6e66843e9dd845"},
    {file = "charset_normalizer-2.1.1-py3-none-any.whl", hash = "sha256:83e9a75d1911279afd89352c68b45348559d1fc0506b054b346651b5e7fee29f"},
]

[package.extras]
unicode-backport = ["unicodedata2"]

[[package]]
name = "idna"
version = "3.4"
description = "Internationalized Domain Names in Applications (IDNA)"
category = "main"
optional = false
python-versions = ">=3.5"
files = [
    {file = "idna-3.4-py3-none-any.whl", hash = "sha256:90b77e79eaa3eba6de819a0c442c0b4ceefc341a7a2ab77d7562bf49f425c5c2"},
    {file = "idna-3.4.tar.gz", hash = "sha256:814f528e8dead7d329833b91c5faa87d60bf71824cd12a7530b5526063d02cb4"},
]

[[package]]
name = "imageio"
version = "2.23.0"
description = "Library for reading and writing a wide range of image, video, scientific, and volumetric data formats."
category = "main"
optional = false
python-versions = ">=3.7"
files = [
    {file = "imageio-2.23.0-py3-none-any.whl", hash = "sha256:3f937396c2f341a7d7600a99cd14727cc90002f850fd136cf65fad79c2ff44a0"},
    {file = "imageio-2.23.0.tar.gz", hash = "sha256:cb635709765e527c94890b4fbb6870e59213fe182a1c8086d167eb3626073cbd"},
]

[package.dependencies]
numpy = "*"
pillow = ">=8.3.2"

[package.extras]
all-plugins = ["astropy", "av", "imageio-ffmpeg", "opencv-python", "psutil", "tifffile"]
all-plugins-pypy = ["av", "imageio-ffmpeg", "psutil", "tifffile"]
build = ["wheel"]
dev = ["black", "flake8", "fsspec[github]", "invoke", "pytest", "pytest-cov"]
docs = ["numpydoc", "pydata-sphinx-theme", "sphinx"]
ffmpeg = ["imageio-ffmpeg", "psutil"]
fits = ["astropy"]
full = ["astropy", "av", "black", "flake8", "fsspec[github]", "gdal", "imageio-ffmpeg", "invoke", "itk", "numpydoc", "opencv-python", "psutil", "pydata-sphinx-theme", "pytest", "pytest-cov", "sphinx", "tifffile", "wheel"]
gdal = ["gdal"]
itk = ["itk"]
linting = ["black", "flake8"]
opencv = ["opencv-python"]
pyav = ["av"]
test = ["fsspec[github]", "invoke", "pytest", "pytest-cov"]
tifffile = ["tifffile"]

[[package]]
name = "networkx"
version = "2.8.8"
description = "Python package for creating and manipulating graphs and networks"
category = "main"
optional = false
python-versions = ">=3.8"
files = [
    {file = "networkx-2.8.8-py3-none-any.whl", hash = "sha256:e435dfa75b1d7195c7b8378c3859f0445cd88c6b0375c181ed66823a9ceb7524"},
    {file = "networkx-2.8.8.tar.gz", hash = "sha256:230d388117af870fce5647a3c52401fcf753e94720e6ea6b4197a5355648885e"},
]

[package.extras]
default = ["matplotlib (>=3.4)", "numpy (>=1.19)", "pandas (>=1.3)", "scipy (>=1.8)"]
developer = ["mypy (>=0.982)", "pre-commit (>=2.20)"]
doc = ["nb2plots (>=0.6)", "numpydoc (>=1.5)", "pillow (>=9.2)", "pydata-sphinx-theme (>=0.11)", "sphinx (>=5.2)", "sphinx-gallery (>=0.11)", "texext (>=0.6.6)"]
extra = ["lxml (>=4.6)", "pydot (>=1.4.2)", "pygraphviz (>=1.9)", "sympy (>=1.10)"]
test = ["codecov (>=2.1)", "pytest (>=7.2)", "pytest-cov (>=4.0)"]

[[package]]
name = "numpy"
version = "1.24.0"
description = "Fundamental package for array computing in Python"
category = "main"
optional = false
python-versions = ">=3.8"
files = [
    {file = "numpy-1.24.0-cp310-cp310-macosx_10_9_x86_64.whl", hash = "sha256:6e73a1f4f5b74a42abb55bc2b3d869f1b38cbc8776da5f8b66bf110284f7a437"},
    {file = "numpy-1.24.0-cp310-cp310-macosx_11_0_arm64.whl", hash = "sha256:9387c7d6d50e8f8c31e7bfc034241e9c6f4b3eb5db8d118d6487047b922f82af"},
    {file = "numpy-1.24.0-cp310-cp310-manylinux_2_17_aarch64.manylinux2014_aarch64.whl", hash = "sha256:7ad6a024a32ee61d18f5b402cd02e9c0e22c0fb9dc23751991b3a16d209d972e"},
    {file = "numpy-1.24.0-cp310-cp310-manylinux_2_17_x86_64.manylinux2014_x86_64.whl", hash = "sha256:73cf2c5b5a07450f20a0c8e04d9955491970177dce8df8d6903bf253e53268e0"},
    {file = "numpy-1.24.0-cp310-cp310-win32.whl", hash = "sha256:cec79ff3984b2d1d103183fc4a3361f5b55bbb66cb395cbf5a920a4bb1fd588d"},
    {file = "numpy-1.24.0-cp310-cp310-win_amd64.whl", hash = "sha256:4f5e78b8b710cd7cd1a8145994cfffc6ddd5911669a437777d8cedfce6c83a98"},
    {file = "numpy-1.24.0-cp311-cp311-macosx_10_9_x86_64.whl", hash = "sha256:4445f472b246cad6514cc09fbb5ecb7aab09ca2acc3c16f29f8dca6c468af501"},
    {file = "numpy-1.24.0-cp311-cp311-macosx_11_0_arm64.whl", hash = "sha256:ec3e5e8172a0a6a4f3c2e7423d4a8434c41349141b04744b11a90e017a95bad5"},
    {file = "numpy-1.24.0-cp311-cp311-manylinux_2_17_aarch64.manylinux2014_aarch64.whl", hash = "sha256:f9168790149f917ad8e3cf5047b353fefef753bd50b07c547da0bdf30bc15d91"},
    {file = "numpy-1.24.0-cp311-cp311-manylinux_2_17_x86_64.manylinux2014_x86_64.whl", hash = "sha256:ada6c1e9608ceadaf7020e1deea508b73ace85560a16f51bef26aecb93626a72"},
    {file = "numpy-1.24.0-cp311-cp311-win32.whl", hash = "sha256:f3c4a9a9f92734a4728ddbd331e0124eabbc968a0359a506e8e74a9b0d2d419b"},
    {file = "numpy-1.24.0-cp311-cp311-win_amd64.whl", hash = "sha256:90075ef2c6ac6397d0035bcd8b298b26e481a7035f7a3f382c047eb9c3414db0"},
    {file = "numpy-1.24.0-cp38-cp38-macosx_10_9_x86_64.whl", hash = "sha256:0885d9a7666cafe5f9876c57bfee34226e2b2847bfb94c9505e18d81011e5401"},
    {file = "numpy-1.24.0-cp38-cp38-macosx_11_0_arm64.whl", hash = "sha256:e63d2157f9fc98cc178870db83b0e0c85acdadd598b134b00ebec9e0db57a01f"},
    {file = "numpy-1.24.0-cp38-cp38-manylinux_2_17_aarch64.manylinux2014_aarch64.whl", hash = "sha256:cf8960f72997e56781eb1c2ea256a70124f92a543b384f89e5fb3503a308b1d3"},
    {file = "numpy-1.24.0-cp38-cp38-manylinux_2_17_x86_64.manylinux2014_x86_64.whl", hash = "sha256:2f8e0df2ecc1928ef7256f18e309c9d6229b08b5be859163f5caa59c93d53646"},
    {file = "numpy-1.24.0-cp38-cp38-win32.whl", hash = "sha256:fe44e925c68fb5e8db1334bf30ac1a1b6b963b932a19cf41d2e899cf02f36aab"},
    {file = "numpy-1.24.0-cp38-cp38-win_amd64.whl", hash = "sha256:d7f223554aba7280e6057727333ed357b71b7da7422d02ff5e91b857888c25d1"},
    {file = "numpy-1.24.0-cp39-cp39-macosx_10_9_x86_64.whl", hash = "sha256:ab11f6a7602cf8ea4c093e091938207de3068c5693a0520168ecf4395750f7ea"},
    {file = "numpy-1.24.0-cp39-cp39-macosx_11_0_arm64.whl", hash = "sha256:12bba5561d8118981f2f1ff069ecae200c05d7b6c78a5cdac0911f74bc71cbd1"},
    {file = "numpy-1.24.0-cp39-cp39-manylinux_2_17_aarch64.manylinux2014_aarch64.whl", hash = "sha256:9af91f794d2d3007d91d749ebc955302889261db514eb24caef30e03e8ec1e41"},
    {file = "numpy-1.24.0-cp39-cp39-manylinux_2_17_x86_64.manylinux2014_x86_64.whl", hash = "sha256:8b1ddfac6a82d4f3c8e99436c90b9c2c68c0bb14658d1684cdd00f05fab241f5"},
    {file = "numpy-1.24.0-cp39-cp39-win32.whl", hash = "sha256:ac4fe68f1a5a18136acebd4eff91aab8bed00d1ef2fdb34b5d9192297ffbbdfc"},
    {file = "numpy-1.24.0-cp39-cp39-win_amd64.whl", hash = "sha256:667b5b1f6a352419e340f6475ef9930348ae5cb7fca15f2cc3afcb530823715e"},
    {file = "numpy-1.24.0-pp38-pypy38_pp73-macosx_10_9_x86_64.whl", hash = "sha256:4d01f7832fa319a36fd75ba10ea4027c9338ede875792f7bf617f4b45056fc3a"},
    {file = "numpy-1.24.0-pp38-pypy38_pp73-manylinux_2_17_x86_64.manylinux2014_x86_64.whl", hash = "sha256:dbb0490f0a880700a6cc4d000384baf19c1f4df59fff158d9482d4dbbca2b239"},
    {file = "numpy-1.24.0-pp38-pypy38_pp73-win_amd64.whl", hash = "sha256:0104d8adaa3a4cc60c2777cab5196593bf8a7f416eda133be1f3803dd0838886"},
    {file = "numpy-1.24.0.tar.gz", hash = "sha256:c4ab7c9711fe6b235e86487ca74c1b092a6dd59a3cb45b63241ea0a148501853"},
]

[[package]]
name = "nvidia-cublas-cu11"
version = "11.10.3.66"
description = "CUBLAS native runtime libraries"
category = "main"
optional = false
python-versions = ">=3"
files = [
    {file = "nvidia_cublas_cu11-11.10.3.66-py3-none-manylinux1_x86_64.whl", hash = "sha256:d32e4d75f94ddfb93ea0a5dda08389bcc65d8916a25cb9f37ac89edaeed3bded"},
    {file = "nvidia_cublas_cu11-11.10.3.66-py3-none-win_amd64.whl", hash = "sha256:8ac17ba6ade3ed56ab898a036f9ae0756f1e81052a317bf98f8c6d18dc3ae49e"},
]

[package.dependencies]
setuptools = "*"
wheel = "*"

[[package]]
name = "nvidia-cuda-nvrtc-cu11"
version = "11.7.99"
description = "NVRTC native runtime libraries"
category = "main"
optional = false
python-versions = ">=3"
files = [
    {file = "nvidia_cuda_nvrtc_cu11-11.7.99-2-py3-none-manylinux1_x86_64.whl", hash = "sha256:9f1562822ea264b7e34ed5930567e89242d266448e936b85bc97a3370feabb03"},
    {file = "nvidia_cuda_nvrtc_cu11-11.7.99-py3-none-manylinux1_x86_64.whl", hash = "sha256:f7d9610d9b7c331fa0da2d1b2858a4a8315e6d49765091d28711c8946e7425e7"},
    {file = "nvidia_cuda_nvrtc_cu11-11.7.99-py3-none-win_amd64.whl", hash = "sha256:f2effeb1309bdd1b3854fc9b17eaf997808f8b25968ce0c7070945c4265d64a3"},
]

[package.dependencies]
setuptools = "*"
wheel = "*"

[[package]]
name = "nvidia-cuda-runtime-cu11"
version = "11.7.99"
description = "CUDA Runtime native Libraries"
category = "main"
optional = false
python-versions = ">=3"
files = [
    {file = "nvidia_cuda_runtime_cu11-11.7.99-py3-none-manylinux1_x86_64.whl", hash = "sha256:cc768314ae58d2641f07eac350f40f99dcb35719c4faff4bc458a7cd2b119e31"},
    {file = "nvidia_cuda_runtime_cu11-11.7.99-py3-none-win_amd64.whl", hash = "sha256:bc77fa59a7679310df9d5c70ab13c4e34c64ae2124dd1efd7e5474b71be125c7"},
]

[package.dependencies]
setuptools = "*"
wheel = "*"

[[package]]
name = "nvidia-cudnn-cu11"
version = "8.5.0.96"
description = "cuDNN runtime libraries"
category = "main"
optional = false
python-versions = ">=3"
files = [
    {file = "nvidia_cudnn_cu11-8.5.0.96-2-py3-none-manylinux1_x86_64.whl", hash = "sha256:402f40adfc6f418f9dae9ab402e773cfed9beae52333f6d86ae3107a1b9527e7"},
    {file = "nvidia_cudnn_cu11-8.5.0.96-py3-none-manylinux1_x86_64.whl", hash = "sha256:71f8111eb830879ff2836db3cccf03bbd735df9b0d17cd93761732ac50a8a108"},
]

[package.dependencies]
setuptools = "*"
wheel = "*"

[[package]]
name = "packaging"
version = "22.0"
description = "Core utilities for Python packages"
category = "main"
optional = false
python-versions = ">=3.7"
files = [
    {file = "packaging-22.0-py3-none-any.whl", hash = "sha256:957e2148ba0e1a3b282772e791ef1d8083648bc131c8ab0c1feba110ce1146c3"},
    {file = "packaging-22.0.tar.gz", hash = "sha256:2198ec20bd4c017b8f9717e00f0c8714076fc2fd93816750ab48e2c41de2cfd3"},
]

[[package]]
name = "pillow"
version = "9.3.0"
description = "Python Imaging Library (Fork)"
category = "main"
optional = false
python-versions = ">=3.7"
files = [
    {file = "Pillow-9.3.0-1-cp37-cp37m-win32.whl", hash = "sha256:e6ea6b856a74d560d9326c0f5895ef8050126acfdc7ca08ad703eb0081e82b74"},
    {file = "Pillow-9.3.0-1-cp37-cp37m-win_amd64.whl", hash = "sha256:32a44128c4bdca7f31de5be641187367fe2a450ad83b833ef78910397db491aa"},
    {file = "Pillow-9.3.0-cp310-cp310-macosx_10_10_x86_64.whl", hash = "sha256:0b7257127d646ff8676ec8a15520013a698d1fdc48bc2a79ba4e53df792526f2"},
    {file = "Pillow-9.3.0-cp310-cp310-macosx_11_0_arm64.whl", hash = "sha256:b90f7616ea170e92820775ed47e136208e04c967271c9ef615b6fbd08d9af0e3"},
    {file = "Pillow-9.3.0-cp310-cp310-manylinux_2_17_aarch64.manylinux2014_aarch64.whl", hash = "sha256:68943d632f1f9e3dce98908e873b3a090f6cba1cbb1b892a9e8d97c938871fbe"},
    {file = "Pillow-9.3.0-cp310-cp310-manylinux_2_17_i686.manylinux2014_i686.whl", hash = "sha256:be55f8457cd1eac957af0c3f5ece7bc3f033f89b114ef30f710882717670b2a8"},
    {file = "Pillow-9.3.0-cp310-cp310-manylinux_2_17_x86_64.manylinux2014_x86_64.whl", hash = "sha256:5d77adcd56a42d00cc1be30843d3426aa4e660cab4a61021dc84467123f7a00c"},
    {file = "Pillow-9.3.0-cp310-cp310-manylinux_2_28_aarch64.whl", hash = "sha256:829f97c8e258593b9daa80638aee3789b7df9da5cf1336035016d76f03b8860c"},
    {file = "Pillow-9.3.0-cp310-cp310-manylinux_2_28_x86_64.whl", hash = "sha256:801ec82e4188e935c7f5e22e006d01611d6b41661bba9fe45b60e7ac1a8f84de"},
    {file = "Pillow-9.3.0-cp310-cp310-musllinux_1_1_x86_64.whl", hash = "sha256:871b72c3643e516db4ecf20efe735deb27fe30ca17800e661d769faab45a18d7"},
    {file = "Pillow-9.3.0-cp310-cp310-win32.whl", hash = "sha256:655a83b0058ba47c7c52e4e2df5ecf484c1b0b0349805896dd350cbc416bdd91"},
    {file = "Pillow-9.3.0-cp310-cp310-win_amd64.whl", hash = "sha256:9f47eabcd2ded7698106b05c2c338672d16a6f2a485e74481f524e2a23c2794b"},
    {file = "Pillow-9.3.0-cp311-cp311-macosx_10_10_x86_64.whl", hash = "sha256:57751894f6618fd4308ed8e0c36c333e2f5469744c34729a27532b3db106ee20"},
    {file = "Pillow-9.3.0-cp311-cp311-macosx_11_0_arm64.whl", hash = "sha256:7db8b751ad307d7cf238f02101e8e36a128a6cb199326e867d1398067381bff4"},
    {file = "Pillow-9.3.0-cp311-cp311-manylinux_2_17_aarch64.manylinux2014_aarch64.whl", hash = "sha256:3033fbe1feb1b59394615a1cafaee85e49d01b51d54de0cbf6aa8e64182518a1"},
    {file = "Pillow-9.3.0-cp311-cp311-manylinux_2_17_i686.manylinux2014_i686.whl", hash = "sha256:22b012ea2d065fd163ca096f4e37e47cd8b59cf4b0fd47bfca6abb93df70b34c"},
    {file = "Pillow-9.3.0-cp311-cp311-manylinux_2_17_x86_64.manylinux2014_x86_64.whl", hash = "sha256:b9a65733d103311331875c1dca05cb4606997fd33d6acfed695b1232ba1df193"},
    {file = "Pillow-9.3.0-cp311-cp311-manylinux_2_28_aarch64.whl", hash = "sha256:502526a2cbfa431d9fc2a079bdd9061a2397b842bb6bc4239bb176da00993812"},
    {file = "Pillow-9.3.0-cp311-cp311-manylinux_2_28_x86_64.whl", hash = "sha256:90fb88843d3902fe7c9586d439d1e8c05258f41da473952aa8b328d8b907498c"},
    {file = "Pillow-9.3.0-cp311-cp311-musllinux_1_1_x86_64.whl", hash = "sha256:89dca0ce00a2b49024df6325925555d406b14aa3efc2f752dbb5940c52c56b11"},
    {file = "Pillow-9.3.0-cp311-cp311-win32.whl", hash = "sha256:3168434d303babf495d4ba58fc22d6604f6e2afb97adc6a423e917dab828939c"},
    {file = "Pillow-9.3.0-cp311-cp311-win_amd64.whl", hash = "sha256:18498994b29e1cf86d505edcb7edbe814d133d2232d256db8c7a8ceb34d18cef"},
    {file = "Pillow-9.3.0-cp37-cp37m-macosx_10_10_x86_64.whl", hash = "sha256:772a91fc0e03eaf922c63badeca75e91baa80fe2f5f87bdaed4280662aad25c9"},
    {file = "Pillow-9.3.0-cp37-cp37m-manylinux_2_17_aarch64.manylinux2014_aarch64.whl", hash = "sha256:afa4107d1b306cdf8953edde0534562607fe8811b6c4d9a486298ad31de733b2"},
    {file = "Pillow-9.3.0-cp37-cp37m-manylinux_2_17_i686.manylinux2014_i686.whl", hash = "sha256:b4012d06c846dc2b80651b120e2cdd787b013deb39c09f407727ba90015c684f"},
    {file = "Pillow-9.3.0-cp37-cp37m-manylinux_2_17_x86_64.manylinux2014_x86_64.whl", hash = "sha256:77ec3e7be99629898c9a6d24a09de089fa5356ee408cdffffe62d67bb75fdd72"},
    {file = "Pillow-9.3.0-cp37-cp37m-manylinux_2_28_aarch64.whl", hash = "sha256:6c738585d7a9961d8c2821a1eb3dcb978d14e238be3d70f0a706f7fa9316946b"},
    {file = "Pillow-9.3.0-cp37-cp37m-manylinux_2_28_x86_64.whl", hash = "sha256:828989c45c245518065a110434246c44a56a8b2b2f6347d1409c787e6e4651ee"},
    {file = "Pillow-9.3.0-cp37-cp37m-win32.whl", hash = "sha256:82409ffe29d70fd733ff3c1025a602abb3e67405d41b9403b00b01debc4c9a29"},
    {file = "Pillow-9.3.0-cp37-cp37m-win_amd64.whl", hash = "sha256:41e0051336807468be450d52b8edd12ac60bebaa97fe10c8b660f116e50b30e4"},
    {file = "Pillow-9.3.0-cp38-cp38-macosx_10_10_x86_64.whl", hash = "sha256:b03ae6f1a1878233ac620c98f3459f79fd77c7e3c2b20d460284e1fb370557d4"},
    {file = "Pillow-9.3.0-cp38-cp38-macosx_11_0_arm64.whl", hash = "sha256:4390e9ce199fc1951fcfa65795f239a8a4944117b5935a9317fb320e7767b40f"},
    {file = "Pillow-9.3.0-cp38-cp38-manylinux_2_17_aarch64.manylinux2014_aarch64.whl", hash = "sha256:40e1ce476a7804b0fb74bcfa80b0a2206ea6a882938eaba917f7a0f004b42502"},
    {file = "Pillow-9.3.0-cp38-cp38-manylinux_2_17_i686.manylinux2014_i686.whl", hash = "sha256:a0a06a052c5f37b4ed81c613a455a81f9a3a69429b4fd7bb913c3fa98abefc20"},
    {file = "Pillow-9.3.0-cp38-cp38-manylinux_2_17_x86_64.manylinux2014_x86_64.whl", hash = "sha256:03150abd92771742d4a8cd6f2fa6246d847dcd2e332a18d0c15cc75bf6703040"},
    {file = "Pillow-9.3.0-cp38-cp38-manylinux_2_28_aarch64.whl", hash = "sha256:15c42fb9dea42465dfd902fb0ecf584b8848ceb28b41ee2b58f866411be33f07"},
    {file = "Pillow-9.3.0-cp38-cp38-manylinux_2_28_x86_64.whl", hash = "sha256:51e0e543a33ed92db9f5ef69a0356e0b1a7a6b6a71b80df99f1d181ae5875636"},
    {file = "Pillow-9.3.0-cp38-cp38-musllinux_1_1_x86_64.whl", hash = "sha256:3dd6caf940756101205dffc5367babf288a30043d35f80936f9bfb37f8355b32"},
    {file = "Pillow-9.3.0-cp38-cp38-win32.whl", hash = "sha256:f1ff2ee69f10f13a9596480335f406dd1f70c3650349e2be67ca3139280cade0"},
    {file = "Pillow-9.3.0-cp38-cp38-win_amd64.whl", hash = "sha256:276a5ca930c913f714e372b2591a22c4bd3b81a418c0f6635ba832daec1cbcfc"},
    {file = "Pillow-9.3.0-cp39-cp39-macosx_10_10_x86_64.whl", hash = "sha256:73bd195e43f3fadecfc50c682f5055ec32ee2c933243cafbfdec69ab1aa87cad"},
    {file = "Pillow-9.3.0-cp39-cp39-macosx_11_0_arm64.whl", hash = "sha256:1c7c8ae3864846fc95f4611c78129301e203aaa2af813b703c55d10cc1628535"},
    {file = "Pillow-9.3.0-cp39-cp39-manylinux_2_17_aarch64.manylinux2014_aarch64.whl", hash = "sha256:2e0918e03aa0c72ea56edbb00d4d664294815aa11291a11504a377ea018330d3"},
    {file = "Pillow-9.3.0-cp39-cp39-manylinux_2_17_i686.manylinux2014_i686.whl", hash = "sha256:b0915e734b33a474d76c28e07292f196cdf2a590a0d25bcc06e64e545f2d146c"},
    {file = "Pillow-9.3.0-cp39-cp39-manylinux_2_17_x86_64.manylinux2014_x86_64.whl", hash = "sha256:af0372acb5d3598f36ec0914deed2a63f6bcdb7b606da04dc19a88d31bf0c05b"},
    {file = "Pillow-9.3.0-cp39-cp39-manylinux_2_28_aarch64.whl", hash = "sha256:ad58d27a5b0262c0c19b47d54c5802db9b34d38bbf886665b626aff83c74bacd"},
    {file = "Pillow-9.3.0-cp39-cp39-manylinux_2_28_x86_64.whl", hash = "sha256:97aabc5c50312afa5e0a2b07c17d4ac5e865b250986f8afe2b02d772567a380c"},
    {file = "Pillow-9.3.0-cp39-cp39-musllinux_1_1_x86_64.whl", hash = "sha256:9aaa107275d8527e9d6e7670b64aabaaa36e5b6bd71a1015ddd21da0d4e06448"},
    {file = "Pillow-9.3.0-cp39-cp39-win32.whl", hash = "sha256:bac18ab8d2d1e6b4ce25e3424f709aceef668347db8637c2296bcf41acb7cf48"},
    {file = "Pillow-9.3.0-cp39-cp39-win_amd64.whl", hash = "sha256:b472b5ea442148d1c3e2209f20f1e0bb0eb556538690fa70b5e1f79fa0ba8dc2"},
    {file = "Pillow-9.3.0-pp37-pypy37_pp73-macosx_10_10_x86_64.whl", hash = "sha256:ab388aaa3f6ce52ac1cb8e122c4bd46657c15905904b3120a6248b5b8b0bc228"},
    {file = "Pillow-9.3.0-pp37-pypy37_pp73-manylinux_2_17_i686.manylinux2014_i686.whl", hash = "sha256:dbb8e7f2abee51cef77673be97760abff1674ed32847ce04b4af90f610144c7b"},
    {file = "Pillow-9.3.0-pp37-pypy37_pp73-manylinux_2_17_x86_64.manylinux2014_x86_64.whl", hash = "sha256:bca31dd6014cb8b0b2db1e46081b0ca7d936f856da3b39744aef499db5d84d02"},
    {file = "Pillow-9.3.0-pp37-pypy37_pp73-manylinux_2_28_x86_64.whl", hash = "sha256:c7025dce65566eb6e89f56c9509d4f628fddcedb131d9465cacd3d8bac337e7e"},
    {file = "Pillow-9.3.0-pp37-pypy37_pp73-win_amd64.whl", hash = "sha256:ebf2029c1f464c59b8bdbe5143c79fa2045a581ac53679733d3a91d400ff9efb"},
    {file = "Pillow-9.3.0-pp38-pypy38_pp73-macosx_10_10_x86_64.whl", hash = "sha256:b59430236b8e58840a0dfb4099a0e8717ffb779c952426a69ae435ca1f57210c"},
    {file = "Pillow-9.3.0-pp38-pypy38_pp73-manylinux_2_17_i686.manylinux2014_i686.whl", hash = "sha256:12ce4932caf2ddf3e41d17fc9c02d67126935a44b86df6a206cf0d7161548627"},
    {file = "Pillow-9.3.0-pp38-pypy38_pp73-manylinux_2_17_x86_64.manylinux2014_x86_64.whl", hash = "sha256:ae5331c23ce118c53b172fa64a4c037eb83c9165aba3a7ba9ddd3ec9fa64a699"},
    {file = "Pillow-9.3.0-pp38-pypy38_pp73-manylinux_2_28_x86_64.whl", hash = "sha256:0b07fffc13f474264c336298d1b4ce01d9c5a011415b79d4ee5527bb69ae6f65"},
    {file = "Pillow-9.3.0-pp38-pypy38_pp73-win_amd64.whl", hash = "sha256:073adb2ae23431d3b9bcbcff3fe698b62ed47211d0716b067385538a1b0f28b8"},
    {file = "Pillow-9.3.0.tar.gz", hash = "sha256:c935a22a557a560108d780f9a0fc426dd7459940dc54faa49d83249c8d3e760f"},
]

[package.extras]
docs = ["furo", "olefile", "sphinx (>=2.4)", "sphinx-copybutton", "sphinx-issues (>=3.0.1)", "sphinx-removed-in", "sphinxext-opengraph"]
tests = ["check-manifest", "coverage", "defusedxml", "markdown2", "olefile", "packaging", "pyroma", "pytest", "pytest-cov", "pytest-timeout"]

[[package]]
name = "pywavelets"
version = "1.4.1"
description = "PyWavelets, wavelet transform module"
category = "main"
optional = false
python-versions = ">=3.8"
files = [
    {file = "PyWavelets-1.4.1-cp310-cp310-macosx_10_13_x86_64.whl", hash = "sha256:d854411eb5ee9cb4bc5d0e66e3634aeb8f594210f6a1bed96dbed57ec70f181c"},
    {file = "PyWavelets-1.4.1-cp310-cp310-macosx_11_0_arm64.whl", hash = "sha256:231b0e0b1cdc1112f4af3c24eea7bf181c418d37922a67670e9bf6cfa2d544d4"},
    {file = "PyWavelets-1.4.1-cp310-cp310-manylinux_2_17_aarch64.manylinux2014_aarch64.whl", hash = "sha256:754fa5085768227c4f4a26c1e0c78bc509a266d9ebd0eb69a278be7e3ece943c"},
    {file = "PyWavelets-1.4.1-cp310-cp310-manylinux_2_17_x86_64.manylinux2014_x86_64.whl", hash = "sha256:da7b9c006171be1f9ddb12cc6e0d3d703b95f7f43cb5e2c6f5f15d3233fcf202"},
    {file = "PyWavelets-1.4.1-cp310-cp310-win32.whl", hash = "sha256:67a0d28a08909f21400cb09ff62ba94c064882ffd9e3a6b27880a111211d59bd"},
    {file = "PyWavelets-1.4.1-cp310-cp310-win_amd64.whl", hash = "sha256:91d3d393cffa634f0e550d88c0e3f217c96cfb9e32781f2960876f1808d9b45b"},
    {file = "PyWavelets-1.4.1-cp311-cp311-macosx_10_13_x86_64.whl", hash = "sha256:64c6bac6204327321db30b775060fbe8e8642316e6bff17f06b9f34936f88875"},
    {file = "PyWavelets-1.4.1-cp311-cp311-macosx_11_0_arm64.whl", hash = "sha256:3f19327f2129fb7977bc59b966b4974dfd72879c093e44a7287500a7032695de"},
    {file = "PyWavelets-1.4.1-cp311-cp311-manylinux_2_17_aarch64.manylinux2014_aarch64.whl", hash = "sha256:ad987748f60418d5f4138db89d82ba0cb49b086e0cbb8fd5c3ed4a814cfb705e"},
    {file = "PyWavelets-1.4.1-cp311-cp311-manylinux_2_17_x86_64.manylinux2014_x86_64.whl", hash = "sha256:875d4d620eee655346e3589a16a73790cf9f8917abba062234439b594e706784"},
    {file = "PyWavelets-1.4.1-cp311-cp311-win32.whl", hash = "sha256:7231461d7a8eb3bdc7aa2d97d9f67ea5a9f8902522818e7e2ead9c2b3408eeb1"},
    {file = "PyWavelets-1.4.1-cp311-cp311-win_amd64.whl", hash = "sha256:daf0aa79842b571308d7c31a9c43bc99a30b6328e6aea3f50388cd8f69ba7dbc"},
    {file = "PyWavelets-1.4.1-cp38-cp38-macosx_10_13_x86_64.whl", hash = "sha256:ab7da0a17822cd2f6545626946d3b82d1a8e106afc4b50e3387719ba01c7b966"},
    {file = "PyWavelets-1.4.1-cp38-cp38-macosx_11_0_arm64.whl", hash = "sha256:578af438a02a86b70f1975b546f68aaaf38f28fb082a61ceb799816049ed18aa"},
    {file = "PyWavelets-1.4.1-cp38-cp38-manylinux_2_17_aarch64.manylinux2014_aarch64.whl", hash = "sha256:9cb5ca8d11d3f98e89e65796a2125be98424d22e5ada360a0dbabff659fca0fc"},
    {file = "PyWavelets-1.4.1-cp38-cp38-manylinux_2_17_x86_64.manylinux2014_x86_64.whl", hash = "sha256:058b46434eac4c04dd89aeef6fa39e4b6496a951d78c500b6641fd5b2cc2f9f4"},
    {file = "PyWavelets-1.4.1-cp38-cp38-win32.whl", hash = "sha256:de7cd61a88a982edfec01ea755b0740e94766e00a1ceceeafef3ed4c85c605cd"},
    {file = "PyWavelets-1.4.1-cp38-cp38-win_amd64.whl", hash = "sha256:7ab8d9db0fe549ab2ee0bea61f614e658dd2df419d5b75fba47baa761e95f8f2"},
    {file = "PyWavelets-1.4.1-cp39-cp39-macosx_10_13_x86_64.whl", hash = "sha256:23bafd60350b2b868076d976bdd92f950b3944f119b4754b1d7ff22b7acbf6c6"},
    {file = "PyWavelets-1.4.1-cp39-cp39-macosx_11_0_arm64.whl", hash = "sha256:d0e56cd7a53aed3cceca91a04d62feb3a0aca6725b1912d29546c26f6ea90426"},
    {file = "PyWavelets-1.4.1-cp39-cp39-manylinux_2_17_aarch64.manylinux2014_aarch64.whl", hash = "sha256:030670a213ee8fefa56f6387b0c8e7d970c7f7ad6850dc048bd7c89364771b9b"},
    {file = "PyWavelets-1.4.1-cp39-cp39-manylinux_2_17_x86_64.manylinux2014_x86_64.whl", hash = "sha256:71ab30f51ee4470741bb55fc6b197b4a2b612232e30f6ac069106f0156342356"},
    {file = "PyWavelets-1.4.1-cp39-cp39-win32.whl", hash = "sha256:47cac4fa25bed76a45bc781a293c26ac63e8eaae9eb8f9be961758d22b58649c"},
    {file = "PyWavelets-1.4.1-cp39-cp39-win_amd64.whl", hash = "sha256:88aa5449e109d8f5e7f0adef85f7f73b1ab086102865be64421a3a3d02d277f4"},
    {file = "PyWavelets-1.4.1.tar.gz", hash = "sha256:6437af3ddf083118c26d8f97ab43b0724b956c9f958e9ea788659f6a2834ba93"},
]

[package.dependencies]
numpy = ">=1.17.3"

[[package]]
name = "requests"
version = "2.31.0"
description = "Python HTTP for Humans."
category = "main"
optional = false
python-versions = ">=3.7"
files = [
    {file = "requests-2.31.0-py3-none-any.whl", hash = "sha256:58cd2187c01e70e6e26505bca751777aa9f2ee0b7f4300988b709f44e013003f"},
    {file = "requests-2.31.0.tar.gz", hash = "sha256:942c5a758f98d790eaed1a29cb6eefc7ffb0d1cf7af05c3d2791656dbd6ad1e1"},
]

[package.dependencies]
certifi = ">=2017.4.17"
charset-normalizer = ">=2,<4"
idna = ">=2.5,<4"
urllib3 = ">=1.21.1,<3"

[package.extras]
socks = ["PySocks (>=1.5.6,!=1.5.7)"]
use-chardet-on-py3 = ["chardet (>=3.0.2,<6)"]

[[package]]
name = "scikit-image"
version = "0.19.3"
description = "Image processing in Python"
category = "main"
optional = false
python-versions = ">=3.7"
files = [
    {file = "scikit-image-0.19.3.tar.gz", hash = "sha256:24b5367de1762da6ee126dd8f30cc4e7efda474e0d7d70685433f0e3aa2ec450"},
    {file = "scikit_image-0.19.3-cp310-cp310-macosx_10_13_x86_64.whl", hash = "sha256:3a01372ae4bca223873304b0bff79b9d92446ac6d6177f73d89b45561e2d09d8"},
    {file = "scikit_image-0.19.3-cp310-cp310-macosx_12_0_arm64.whl", hash = "sha256:fdf48d9b1f13af69e4e2c78e05067e322e9c8c97463c315cd0ecb47a94e259fc"},
    {file = "scikit_image-0.19.3-cp310-cp310-manylinux_2_17_aarch64.manylinux2014_aarch64.whl", hash = "sha256:6b6a8f98f2ac9bb73706461fd1dec875f6a5141759ed526850a5a49e90003d19"},
    {file = "scikit_image-0.19.3-cp310-cp310-manylinux_2_17_x86_64.manylinux2014_x86_64.whl", hash = "sha256:cfbb073f23deb48e0e60c47f8741d8089121d89cc78629ea8c5b51096efc5be7"},
    {file = "scikit_image-0.19.3-cp310-cp310-win_amd64.whl", hash = "sha256:cc24177de3fdceca5d04807ad9c87d665f0bf01032ed94a9055cd1ed2b3f33e9"},
    {file = "scikit_image-0.19.3-cp37-cp37m-macosx_10_13_x86_64.whl", hash = "sha256:fd9dd3994bb6f9f7a35f228323f3c4dc44b3cf2ff15fd72d895216e9333550c6"},
    {file = "scikit_image-0.19.3-cp37-cp37m-manylinux_2_12_i686.manylinux2010_i686.whl", hash = "sha256:ad5d8000207a264d1a55681a9276e6a739d3f05cf4429004ad00d61d1892235f"},
    {file = "scikit_image-0.19.3-cp37-cp37m-manylinux_2_12_x86_64.manylinux2010_x86_64.whl", hash = "sha256:84baa3179f3ae983c3a5d81c1e404bc92dcf7daeb41bfe9369badcda3fb22b92"},
    {file = "scikit_image-0.19.3-cp37-cp37m-manylinux_2_17_aarch64.manylinux2014_aarch64.whl", hash = "sha256:7f9f8a1387afc6c70f2bed007c3854a2d7489f9f7713c242f16f32ee05934bc2"},
    {file = "scikit_image-0.19.3-cp37-cp37m-win32.whl", hash = "sha256:9fb0923a3bfa99457c5e17888f27b3b8a83a3600b4fef317992e7b7234764732"},
    {file = "scikit_image-0.19.3-cp37-cp37m-win_amd64.whl", hash = "sha256:ce3d2207f253b8eb2c824e30d145a9f07a34a14212d57f3beca9f7e03c383cbe"},
    {file = "scikit_image-0.19.3-cp38-cp38-macosx_10_13_x86_64.whl", hash = "sha256:2a02d1bd0e2b53e36b952bd5fd6118d9ccc3ee51de35705d63d8eb1f2e86adef"},
    {file = "scikit_image-0.19.3-cp38-cp38-macosx_12_0_arm64.whl", hash = "sha256:03779a7e1736fdf89d83c0ba67d44110496edd736a3bfce61a2b5177a1c8a099"},
    {file = "scikit_image-0.19.3-cp38-cp38-manylinux_2_17_aarch64.manylinux2014_aarch64.whl", hash = "sha256:19a21a101a20c587a3b611a2cf6f86c35aae9f8d9563279b987e83ee1c9a9790"},
    {file = "scikit_image-0.19.3-cp38-cp38-manylinux_2_17_i686.manylinux2014_i686.whl", hash = "sha256:2f50b923f8099c1045fcde7418d86b206c87e333e43da980f41d8577b9605245"},
    {file = "scikit_image-0.19.3-cp38-cp38-manylinux_2_17_x86_64.manylinux2014_x86_64.whl", hash = "sha256:e207c6ce5ce121d7d9b9d2b61b9adca57d1abed112c902d8ffbfdc20fb42c12b"},
    {file = "scikit_image-0.19.3-cp38-cp38-win32.whl", hash = "sha256:a7c3985c68bfe05f7571167ee021d14f5b8d1a4a250c91f0b13be7fb07e6af34"},
    {file = "scikit_image-0.19.3-cp38-cp38-win_amd64.whl", hash = "sha256:651de1c2ce1fbee834753b46b8e7d81cb12a5594898babba63ac82b30ddad49d"},
    {file = "scikit_image-0.19.3-cp39-cp39-macosx_10_13_x86_64.whl", hash = "sha256:8d8917fcf85b987b1f287f823f3a1a7dac38b70aaca759bc0200f3bc292d5ced"},
    {file = "scikit_image-0.19.3-cp39-cp39-macosx_12_0_arm64.whl", hash = "sha256:0b0a199157ce8487c77de4fde0edc0b42d6d42818881c11f459262351d678b2d"},
    {file = "scikit_image-0.19.3-cp39-cp39-manylinux_2_17_aarch64.manylinux2014_aarch64.whl", hash = "sha256:33dfd463ee6cc509defa279b963829f2230c9e0639ccd3931045be055878eea6"},
    {file = "scikit_image-0.19.3-cp39-cp39-manylinux_2_17_i686.manylinux2014_i686.whl", hash = "sha256:a8714348ddd671f819457a797c97d4c672166f093def66d66c3254cbd1d43f83"},
    {file = "scikit_image-0.19.3-cp39-cp39-manylinux_2_17_x86_64.manylinux2014_x86_64.whl", hash = "sha256:ff3b1025356508d41f4fe48528e509d95f9e4015e90cf158cd58c56dc63e0ac5"},
    {file = "scikit_image-0.19.3-cp39-cp39-win32.whl", hash = "sha256:9439e5294de3f18d6e82ec8eee2c46590231cf9c690da80545e83a0733b7a69e"},
    {file = "scikit_image-0.19.3-cp39-cp39-win_amd64.whl", hash = "sha256:32fb88cc36203b99c9672fb972c9ef98635deaa5fc889fe969f3e11c44f22919"},
]

[package.dependencies]
imageio = ">=2.4.1"
networkx = ">=2.2"
numpy = ">=1.17.0"
packaging = ">=20.0"
pillow = ">=6.1.0,<7.1.0 || >7.1.0,<7.1.1 || >7.1.1,<8.3.0 || >8.3.0"
PyWavelets = ">=1.1.1"
scipy = ">=1.4.1"
tifffile = ">=2019.7.26"

[package.extras]
data = ["pooch (>=1.3.0)"]
docs = ["cloudpickle (>=0.2.1)", "dask[array] (>=0.15.0,!=2.17.0)", "ipywidgets", "kaleido", "matplotlib (>=3.3)", "myst-parser", "numpydoc (>=1.0)", "pandas (>=0.23.0)", "plotly (>=4.14.0)", "pooch (>=1.3.0)", "pytest-runner", "scikit-learn", "seaborn (>=0.7.1)", "sphinx (>=1.8)", "sphinx-copybutton", "sphinx-gallery (>=0.10.1)", "tifffile (>=2020.5.30)"]
optional = ["SimpleITK", "astropy (>=3.1.2)", "cloudpickle (>=0.2.1)", "dask[array] (>=1.0.0,!=2.17.0)", "matplotlib (>=3.0.3)", "pooch (>=1.3.0)", "pyamg", "qtpy"]
test = ["asv", "codecov", "flake8", "matplotlib (>=3.0.3)", "pooch (>=1.3.0)", "pytest (>=5.2.0)", "pytest-cov (>=2.7.0)", "pytest-faulthandler", "pytest-localserver"]

[[package]]
name = "scipy"
version = "1.9.3"
description = "Fundamental algorithms for scientific computing in Python"
category = "main"
optional = false
python-versions = ">=3.8"
files = [
    {file = "scipy-1.9.3-cp310-cp310-macosx_10_9_x86_64.whl", hash = "sha256:1884b66a54887e21addf9c16fb588720a8309a57b2e258ae1c7986d4444d3bc0"},
    {file = "scipy-1.9.3-cp310-cp310-macosx_12_0_arm64.whl", hash = "sha256:83b89e9586c62e787f5012e8475fbb12185bafb996a03257e9675cd73d3736dd"},
    {file = "scipy-1.9.3-cp310-cp310-manylinux_2_17_aarch64.manylinux2014_aarch64.whl", hash = "sha256:1a72d885fa44247f92743fc20732ae55564ff2a519e8302fb7e18717c5355a8b"},
    {file = "scipy-1.9.3-cp310-cp310-manylinux_2_17_x86_64.manylinux2014_x86_64.whl", hash = "sha256:d01e1dd7b15bd2449c8bfc6b7cc67d630700ed655654f0dfcf121600bad205c9"},
    {file = "scipy-1.9.3-cp310-cp310-win_amd64.whl", hash = "sha256:68239b6aa6f9c593da8be1509a05cb7f9efe98b80f43a5861cd24c7557e98523"},
    {file = "scipy-1.9.3-cp311-cp311-macosx_10_9_x86_64.whl", hash = "sha256:b41bc822679ad1c9a5f023bc93f6d0543129ca0f37c1ce294dd9d386f0a21096"},
    {file = "scipy-1.9.3-cp311-cp311-macosx_12_0_arm64.whl", hash = "sha256:90453d2b93ea82a9f434e4e1cba043e779ff67b92f7a0e85d05d286a3625df3c"},
    {file = "scipy-1.9.3-cp311-cp311-manylinux_2_17_aarch64.manylinux2014_aarch64.whl", hash = "sha256:83c06e62a390a9167da60bedd4575a14c1f58ca9dfde59830fc42e5197283dab"},
    {file = "scipy-1.9.3-cp311-cp311-manylinux_2_17_x86_64.manylinux2014_x86_64.whl", hash = "sha256:abaf921531b5aeaafced90157db505e10345e45038c39e5d9b6c7922d68085cb"},
    {file = "scipy-1.9.3-cp311-cp311-win_amd64.whl", hash = "sha256:06d2e1b4c491dc7d8eacea139a1b0b295f74e1a1a0f704c375028f8320d16e31"},
    {file = "scipy-1.9.3-cp38-cp38-macosx_10_9_x86_64.whl", hash = "sha256:5a04cd7d0d3eff6ea4719371cbc44df31411862b9646db617c99718ff68d4840"},
    {file = "scipy-1.9.3-cp38-cp38-macosx_12_0_arm64.whl", hash = "sha256:545c83ffb518094d8c9d83cce216c0c32f8c04aaf28b92cc8283eda0685162d5"},
    {file = "scipy-1.9.3-cp38-cp38-manylinux_2_17_aarch64.manylinux2014_aarch64.whl", hash = "sha256:0d54222d7a3ba6022fdf5773931b5d7c56efe41ede7f7128c7b1637700409108"},
    {file = "scipy-1.9.3-cp38-cp38-manylinux_2_17_x86_64.manylinux2014_x86_64.whl", hash = "sha256:cff3a5295234037e39500d35316a4c5794739433528310e117b8a9a0c76d20fc"},
    {file = "scipy-1.9.3-cp38-cp38-win_amd64.whl", hash = "sha256:2318bef588acc7a574f5bfdff9c172d0b1bf2c8143d9582e05f878e580a3781e"},
    {file = "scipy-1.9.3-cp39-cp39-macosx_10_9_x86_64.whl", hash = "sha256:d644a64e174c16cb4b2e41dfea6af722053e83d066da7343f333a54dae9bc31c"},
    {file = "scipy-1.9.3-cp39-cp39-macosx_12_0_arm64.whl", hash = "sha256:da8245491d73ed0a994ed9c2e380fd058ce2fa8a18da204681f2fe1f57f98f95"},
    {file = "scipy-1.9.3-cp39-cp39-manylinux_2_17_aarch64.manylinux2014_aarch64.whl", hash = "sha256:4db5b30849606a95dcf519763dd3ab6fe9bd91df49eba517359e450a7d80ce2e"},
    {file = "scipy-1.9.3-cp39-cp39-manylinux_2_17_x86_64.manylinux2014_x86_64.whl", hash = "sha256:c68db6b290cbd4049012990d7fe71a2abd9ffbe82c0056ebe0f01df8be5436b0"},
    {file = "scipy-1.9.3-cp39-cp39-win_amd64.whl", hash = "sha256:5b88e6d91ad9d59478fafe92a7c757d00c59e3bdc3331be8ada76a4f8d683f58"},
    {file = "scipy-1.9.3.tar.gz", hash = "sha256:fbc5c05c85c1a02be77b1ff591087c83bc44579c6d2bd9fb798bb64ea5e1a027"},
]

[package.dependencies]
numpy = ">=1.18.5,<1.26.0"

[package.extras]
dev = ["flake8", "mypy", "pycodestyle", "typing_extensions"]
doc = ["matplotlib (>2)", "numpydoc", "pydata-sphinx-theme (==0.9.0)", "sphinx (!=4.1.0)", "sphinx-panels (>=0.5.2)", "sphinx-tabs"]
test = ["asv", "gmpy2", "mpmath", "pytest", "pytest-cov", "pytest-xdist", "scikit-umfpack", "threadpoolctl"]

[[package]]
name = "setuptools"
version = "67.8.0"
description = "Easily download, build, install, upgrade, and uninstall Python packages"
category = "main"
optional = false
python-versions = ">=3.7"
files = [
    {file = "setuptools-67.8.0-py3-none-any.whl", hash = "sha256:5df61bf30bb10c6f756eb19e7c9f3b473051f48db77fddbe06ff2ca307df9a6f"},
    {file = "setuptools-67.8.0.tar.gz", hash = "sha256:62642358adc77ffa87233bc4d2354c4b2682d214048f500964dbe760ccedf102"},
]

[package.extras]
docs = ["furo", "jaraco.packaging (>=9)", "jaraco.tidelift (>=1.4)", "pygments-github-lexers (==0.0.5)", "rst.linker (>=1.9)", "sphinx (>=3.5)", "sphinx-favicon", "sphinx-hoverxref (<2)", "sphinx-inline-tabs", "sphinx-lint", "sphinx-notfound-page (==0.8.3)", "sphinx-reredirects", "sphinxcontrib-towncrier"]
testing = ["build[virtualenv]", "filelock (>=3.4.0)", "flake8-2020", "ini2toml[lite] (>=0.9)", "jaraco.envs (>=2.2)", "jaraco.path (>=3.2.0)", "pip (>=19.1)", "pip-run (>=8.8)", "pytest (>=6)", "pytest-black (>=0.3.7)", "pytest-checkdocs (>=2.4)", "pytest-cov", "pytest-enabler (>=1.3)", "pytest-mypy (>=0.9.1)", "pytest-perf", "pytest-ruff", "pytest-timeout", "pytest-xdist", "tomli-w (>=1.0.0)", "virtualenv (>=13.0.0)", "wheel"]
testing-integration = ["build[virtualenv]", "filelock (>=3.4.0)", "jaraco.envs (>=2.2)", "jaraco.path (>=3.2.0)", "pytest", "pytest-enabler", "pytest-xdist", "tomli", "virtualenv (>=13.0.0)", "wheel"]

[[package]]
name = "tifffile"
version = "2022.10.10"
description = "Read and write TIFF files"
category = "main"
optional = false
python-versions = ">=3.8"
files = [
    {file = "tifffile-2022.10.10-py3-none-any.whl", hash = "sha256:87f3aee8a0d06b74655269a105de75c1958a24653e1930d523eb516100043503"},
    {file = "tifffile-2022.10.10.tar.gz", hash = "sha256:50b61ba943b866d191295bc38a00191c9fdab23ece063544c7f1a264e3f6aa8e"},
]

[package.dependencies]
numpy = ">=1.19.2"

[package.extras]
all = ["fsspec", "imagecodecs (>=2022.2.22)", "lxml", "matplotlib (>=3.3)", "zarr"]

[[package]]
name = "torch"
version = "1.13.1"
description = "Tensors and Dynamic neural networks in Python with strong GPU acceleration"
category = "main"
optional = false
python-versions = ">=3.7.0"
files = [
    {file = "torch-1.13.1-cp310-cp310-manylinux1_x86_64.whl", hash = "sha256:fd12043868a34a8da7d490bf6db66991108b00ffbeecb034228bfcbbd4197143"},
    {file = "torch-1.13.1-cp310-cp310-manylinux2014_aarch64.whl", hash = "sha256:d9fe785d375f2e26a5d5eba5de91f89e6a3be5d11efb497e76705fdf93fa3c2e"},
    {file = "torch-1.13.1-cp310-cp310-win_amd64.whl", hash = "sha256:98124598cdff4c287dbf50f53fb455f0c1e3a88022b39648102957f3445e9b76"},
    {file = "torch-1.13.1-cp310-none-macosx_10_9_x86_64.whl", hash = "sha256:393a6273c832e047581063fb74335ff50b4c566217019cc6ace318cd79eb0566"},
    {file = "torch-1.13.1-cp310-none-macosx_11_0_arm64.whl", hash = "sha256:0122806b111b949d21fa1a5f9764d1fd2fcc4a47cb7f8ff914204fd4fc752ed5"},
    {file = "torch-1.13.1-cp311-cp311-manylinux1_x86_64.whl", hash = "sha256:22128502fd8f5b25ac1cd849ecb64a418382ae81dd4ce2b5cebaa09ab15b0d9b"},
    {file = "torch-1.13.1-cp37-cp37m-manylinux1_x86_64.whl", hash = "sha256:76024be052b659ac1304ab8475ab03ea0a12124c3e7626282c9c86798ac7bc11"},
    {file = "torch-1.13.1-cp37-cp37m-manylinux2014_aarch64.whl", hash = "sha256:ea8dda84d796094eb8709df0fcd6b56dc20b58fdd6bc4e8d7109930dafc8e419"},
    {file = "torch-1.13.1-cp37-cp37m-win_amd64.whl", hash = "sha256:2ee7b81e9c457252bddd7d3da66fb1f619a5d12c24d7074de91c4ddafb832c93"},
    {file = "torch-1.13.1-cp37-none-macosx_10_9_x86_64.whl", hash = "sha256:0d9b8061048cfb78e675b9d2ea8503bfe30db43d583599ae8626b1263a0c1380"},
    {file = "torch-1.13.1-cp37-none-macosx_11_0_arm64.whl", hash = "sha256:f402ca80b66e9fbd661ed4287d7553f7f3899d9ab54bf5c67faada1555abde28"},
    {file = "torch-1.13.1-cp38-cp38-manylinux1_x86_64.whl", hash = "sha256:727dbf00e2cf858052364c0e2a496684b9cb5aa01dc8a8bc8bbb7c54502bdcdd"},
    {file = "torch-1.13.1-cp38-cp38-manylinux2014_aarch64.whl", hash = "sha256:df8434b0695e9ceb8cc70650afc1310d8ba949e6db2a0525ddd9c3b2b181e5fe"},
    {file = "torch-1.13.1-cp38-cp38-win_amd64.whl", hash = "sha256:5e1e722a41f52a3f26f0c4fcec227e02c6c42f7c094f32e49d4beef7d1e213ea"},
    {file = "torch-1.13.1-cp38-none-macosx_10_9_x86_64.whl", hash = "sha256:33e67eea526e0bbb9151263e65417a9ef2d8fa53cbe628e87310060c9dcfa312"},
    {file = "torch-1.13.1-cp38-none-macosx_11_0_arm64.whl", hash = "sha256:eeeb204d30fd40af6a2d80879b46a7efbe3cf43cdbeb8838dd4f3d126cc90b2b"},
    {file = "torch-1.13.1-cp39-cp39-manylinux1_x86_64.whl", hash = "sha256:50ff5e76d70074f6653d191fe4f6a42fdbe0cf942fbe2a3af0b75eaa414ac038"},
    {file = "torch-1.13.1-cp39-cp39-manylinux2014_aarch64.whl", hash = "sha256:2c3581a3fd81eb1f0f22997cddffea569fea53bafa372b2c0471db373b26aafc"},
    {file = "torch-1.13.1-cp39-cp39-win_amd64.whl", hash = "sha256:0aa46f0ac95050c604bcf9ef71da9f1172e5037fdf2ebe051962d47b123848e7"},
    {file = "torch-1.13.1-cp39-none-macosx_10_9_x86_64.whl", hash = "sha256:6930791efa8757cb6974af73d4996b6b50c592882a324b8fb0589c6a9ba2ddaf"},
    {file = "torch-1.13.1-cp39-none-macosx_11_0_arm64.whl", hash = "sha256:e0df902a7c7dd6c795698532ee5970ce898672625635d885eade9976e5a04949"},
]

[package.dependencies]
nvidia-cublas-cu11 = {version = "11.10.3.66", markers = "platform_system == \"Linux\""}
nvidia-cuda-nvrtc-cu11 = {version = "11.7.99", markers = "platform_system == \"Linux\""}
nvidia-cuda-runtime-cu11 = {version = "11.7.99", markers = "platform_system == \"Linux\""}
nvidia-cudnn-cu11 = {version = "8.5.0.96", markers = "platform_system == \"Linux\""}
typing-extensions = "*"

[package.extras]
opt-einsum = ["opt-einsum (>=3.3)"]

[[package]]
name = "torchvision"
version = "0.14.1"
description = "image and video datasets and models for torch deep learning"
category = "main"
optional = false
python-versions = ">=3.7"
files = [
    {file = "torchvision-0.14.1-cp310-cp310-macosx_10_9_x86_64.whl", hash = "sha256:eeb05dd9dd3af5428fee525400759daf8da8e4caec45ddd6908cfb36571f6433"},
    {file = "torchvision-0.14.1-cp310-cp310-macosx_11_0_arm64.whl", hash = "sha256:8d0766ea92affa7af248e327dd85f7c9cfdf51a57530b43212d4e1858548e9d7"},
    {file = "torchvision-0.14.1-cp310-cp310-manylinux1_x86_64.whl", hash = "sha256:6d7b35653113664ea3fdcb71f515cfbf29d2fe393000fd8aaff27a1284de6908"},
    {file = "torchvision-0.14.1-cp310-cp310-manylinux2014_aarch64.whl", hash = "sha256:8a9eb773a2fa8f516e404ac09c059fb14e6882c48fdbb9c946327d2ce5dba6cd"},
    {file = "torchvision-0.14.1-cp310-cp310-win_amd64.whl", hash = "sha256:13986f0c15377ff23039e1401012ccb6ecf71024ce53def27139e4eac5a57592"},
    {file = "torchvision-0.14.1-cp37-cp37m-macosx_10_9_x86_64.whl", hash = "sha256:fb7a793fd33ce1abec24b42778419a3fb1e3159d7dfcb274a3ca8fb8cbc408dc"},
    {file = "torchvision-0.14.1-cp37-cp37m-manylinux1_x86_64.whl", hash = "sha256:89fb0419780ec9a9eb9f7856a0149f6ac9f956b28f44b0c0080c6b5b48044db7"},
    {file = "torchvision-0.14.1-cp37-cp37m-manylinux2014_aarch64.whl", hash = "sha256:a2d4237d3c9705d7729eb4534e4eb06f1d6be7ff1df391204dfb51586d9b0ecb"},
    {file = "torchvision-0.14.1-cp37-cp37m-win_amd64.whl", hash = "sha256:92a324712a87957443cc34223274298ae9496853f115c252f8fc02b931f2340e"},
    {file = "torchvision-0.14.1-cp38-cp38-macosx_10_9_x86_64.whl", hash = "sha256:68ed03359dcd3da9cd21b8ab94da21158df8a6a0c5bad0bf4a42f0e448d28cb3"},
    {file = "torchvision-0.14.1-cp38-cp38-macosx_11_0_arm64.whl", hash = "sha256:30fcf0e9fe57d4ac4ce6426659a57dce199637ccb6c70be1128670f177692624"},
    {file = "torchvision-0.14.1-cp38-cp38-manylinux1_x86_64.whl", hash = "sha256:0ed02aefd09bf1114d35f1aa7dce55aa61c2c7e57f9aa02dce362860be654e85"},
    {file = "torchvision-0.14.1-cp38-cp38-manylinux2014_aarch64.whl", hash = "sha256:a541e49fc3c4e90e49e6988428ab047415ed52ea97d0c0bfd147d8bacb8f4df8"},
    {file = "torchvision-0.14.1-cp38-cp38-win_amd64.whl", hash = "sha256:6099b3191dc2516099a32ae38a5fb349b42e863872a13545ab1a524b6567be60"},
    {file = "torchvision-0.14.1-cp39-cp39-macosx_10_9_x86_64.whl", hash = "sha256:c5e744f56e5f5b452deb5fc0f3f2ba4d2f00612d14d8da0dbefea8f09ac7690b"},
    {file = "torchvision-0.14.1-cp39-cp39-macosx_11_0_arm64.whl", hash = "sha256:758b20d079e810b4740bd60d1eb16e49da830e3360f9be379eb177ee221fa5d4"},
    {file = "torchvision-0.14.1-cp39-cp39-manylinux1_x86_64.whl", hash = "sha256:83045507ef8d3c015d4df6be79491375b2f901352cfca6e72b4723e9c4f9a55d"},
    {file = "torchvision-0.14.1-cp39-cp39-manylinux2014_aarch64.whl", hash = "sha256:eaed58cf454323ed9222d4e0dd5fb897064f454b400696e03a5200e65d3a1e76"},
    {file = "torchvision-0.14.1-cp39-cp39-win_amd64.whl", hash = "sha256:b337e1245ca4353623dd563c03cd8f020c2496a7c5d12bba4d2e381999c766e0"},
]

[package.dependencies]
numpy = "*"
pillow = ">=5.3.0,<8.3.0 || >=8.4.0"
requests = "*"
torch = "1.13.1"
typing-extensions = "*"

[package.extras]
scipy = ["scipy"]

[[package]]
name = "typing-extensions"
version = "4.4.0"
description = "Backported and Experimental Type Hints for Python 3.7+"
category = "main"
optional = false
python-versions = ">=3.7"
files = [
    {file = "typing_extensions-4.4.0-py3-none-any.whl", hash = "sha256:16fa4864408f655d35ec496218b85f79b3437c829e93320c7c9215ccfd92489e"},
    {file = "typing_extensions-4.4.0.tar.gz", hash = "sha256:1511434bb92bf8dd198c12b1cc812e800d4181cfcb867674e0f8279cc93087aa"},
]

[[package]]
name = "urllib3"
version = "1.26.13"
description = "HTTP library with thread-safe connection pooling, file post, and more."
category = "main"
optional = false
python-versions = ">=2.7, !=3.0.*, !=3.1.*, !=3.2.*, !=3.3.*, !=3.4.*, !=3.5.*"
files = [
    {file = "urllib3-1.26.13-py2.py3-none-any.whl", hash = "sha256:47cc05d99aaa09c9e72ed5809b60e7ba354e64b59c9c173ac3018642d8bb41fc"},
    {file = "urllib3-1.26.13.tar.gz", hash = "sha256:c083dd0dce68dbfbe1129d5271cb90f9447dea7d52097c6e0126120c521ddea8"},
]

[package.extras]
brotli = ["brotli (>=1.0.9)", "brotlicffi (>=0.8.0)", "brotlipy (>=0.6.0)"]
secure = ["certifi", "cryptography (>=1.3.4)", "idna (>=2.0.0)", "ipaddress", "pyOpenSSL (>=0.14)", "urllib3-secure-extra"]
socks = ["PySocks (>=1.5.6,!=1.5.7,<2.0)"]

[[package]]
name = "wheel"
version = "0.40.0"
description = "A built-package format for Python"
category = "main"
optional = false
python-versions = ">=3.7"
files = [
    {file = "wheel-0.40.0-py3-none-any.whl", hash = "sha256:d236b20e7cb522daf2390fa84c55eea81c5c30190f90f29ae2ca1ad8355bf247"},
    {file = "wheel-0.40.0.tar.gz", hash = "sha256:cd1196f3faee2b31968d626e1731c94f99cbdb67cf5a46e4f5656cbee7738873"},
]

[package.extras]
test = ["pytest (>=6.0.0)"]

[metadata]
lock-version = "2.0"
python-versions = "^3.8"
content-hash = "b5218f67610ce99252915e0ff22c3b6173045e976dc3ad9a4f266d072ebe6fb0"
